
Microsoft Visual Studio Solution File, Format Version 12.00
# Visual Studio Version 17
VisualStudioVersion = 17.0.31903.59
MinimumVisualStudioVersion = 10.0.40219.1
Project("{9A19103F-16F7-4668-BE54-9A1E7A4F7556}") = "FormulaOne.Api", "FormulaOne.Api\FormulaOne.Api.csproj", "{123F71C3-CF92-45DF-A850-FDD328A169A6}"
EndProject
Project("{9A19103F-16F7-4668-BE54-9A1E7A4F7556}") = "FormulaOne.Entities", "FormulaOne.Entities\FormulaOne.Entities.csproj", "{EA760F5D-8EF0-47C6-8E90-F70628A5555F}"
EndProject
Project("{9A19103F-16F7-4668-BE54-9A1E7A4F7556}") = "FormulaOne.DataService", "FormulaOne.DataService\FormulaOne.DataService.csproj", "{434321DF-52C1-439A-8FE6-5652101AE4FF}"
EndProject
Global
	GlobalSection(SolutionConfigurationPlatforms) = preSolution
		Debug|Any CPU = Debug|Any CPU
		Release|Any CPU = Release|Any CPU
	EndGlobalSection
	GlobalSection(ProjectConfigurationPlatforms) = postSolution
		{123F71C3-CF92-45DF-A850-FDD328A169A6}.Debug|Any CPU.ActiveCfg = Debug|Any CPU
		{123F71C3-CF92-45DF-A850-FDD328A169A6}.Debug|Any CPU.Build.0 = Debug|Any CPU
		{123F71C3-CF92-45DF-A850-FDD328A169A6}.Release|Any CPU.ActiveCfg = Release|Any CPU
		{123F71C3-CF92-45DF-A850-FDD328A169A6}.Release|Any CPU.Build.0 = Release|Any CPU
		{EA760F5D-8EF0-47C6-8E90-F70628A5555F}.Debug|Any CPU.ActiveCfg = Debug|Any CPU
		{EA760F5D-8EF0-47C6-8E90-F70628A5555F}.Debug|Any CPU.Build.0 = Debug|Any CPU
		{EA760F5D-8EF0-47C6-8E90-F70628A5555F}.Release|Any CPU.ActiveCfg = Release|Any CPU
		{EA760F5D-8EF0-47C6-8E90-F70628A5555F}.Release|Any CPU.Build.0 = Release|Any CPU
		{434321DF-52C1-439A-8FE6-5652101AE4FF}.Debug|Any CPU.ActiveCfg = Debug|Any CPU
		{434321DF-52C1-439A-8FE6-5652101AE4FF}.Debug|Any CPU.Build.0 = Debug|Any CPU
		{434321DF-52C1-439A-8FE6-5652101AE4FF}.Release|Any CPU.ActiveCfg = Release|Any CPU
		{434321DF-52C1-439A-8FE6-5652101AE4FF}.Release|Any CPU.Build.0 = Release|Any CPU
	EndGlobalSection
	GlobalSection(SolutionProperties) = preSolution
		HideSolutionNode = FALSE
	EndGlobalSection
	GlobalSection(ExtensibilityGlobals) = postSolution
		SolutionGuid = {344354BE-7E6D-4515-8435-A45B243CC73A}
	EndGlobalSection
EndGlobal
